// !$*UTF8*$!
{
	archiveVersion = 1;
	classes = {
	};
	objectVersion = 55;
	objects = {

/* Begin PBXBuildFile section */
		082C5D4C28565B3800048D3D /* BasisTests.swift in Sources */ = {isa = PBXBuildFile; fileRef = 082C5D4B28565B3800048D3D /* BasisTests.swift */; };
		082C5D5928565B4F00048D3D /* BasisUITests.swift in Sources */ = {isa = PBXBuildFile; fileRef = 082C5D5828565B4F00048D3D /* BasisUITests.swift */; };
		082C5D5B28565B4F00048D3D /* BasisUITestsLaunchTests.swift in Sources */ = {isa = PBXBuildFile; fileRef = 082C5D5A28565B4F00048D3D /* BasisUITestsLaunchTests.swift */; };
		082C5D642856617B00048D3D /* EmailScreen.swift in Sources */ = {isa = PBXBuildFile; fileRef = 082C5D632856617B00048D3D /* EmailScreen.swift */; };
		08344ACF2854464E00F0D0FE /* OTPVerificationViewModel.swift in Sources */ = {isa = PBXBuildFile; fileRef = 08344ACE2854464E00F0D0FE /* OTPVerificationViewModel.swift */; };
		08344AD12854481400F0D0FE /* VerifyUser.swift in Sources */ = {isa = PBXBuildFile; fileRef = 08344AD02854481400F0D0FE /* VerifyUser.swift */; };
		088EACD228511D95007FD854 /* AppDelegate.swift in Sources */ = {isa = PBXBuildFile; fileRef = 088EACD128511D95007FD854 /* AppDelegate.swift */; };
		088EACD428511D95007FD854 /* SceneDelegate.swift in Sources */ = {isa = PBXBuildFile; fileRef = 088EACD328511D95007FD854 /* SceneDelegate.swift */; };
		088EACD628511D95007FD854 /* ViewController.swift in Sources */ = {isa = PBXBuildFile; fileRef = 088EACD528511D95007FD854 /* ViewController.swift */; };
		088EACD928511D95007FD854 /* Main.storyboard in Resources */ = {isa = PBXBuildFile; fileRef = 088EACD728511D95007FD854 /* Main.storyboard */; };
		088EACDB28511D9B007FD854 /* Assets.xcassets in Resources */ = {isa = PBXBuildFile; fileRef = 088EACDA28511D9B007FD854 /* Assets.xcassets */; };
		088EACDE28511D9B007FD854 /* LaunchScreen.storyboard in Resources */ = {isa = PBXBuildFile; fileRef = 088EACDC28511D9B007FD854 /* LaunchScreen.storyboard */; };
		088EACF128512477007FD854 /* NetworkingLogLevel.swift in Sources */ = {isa = PBXBuildFile; fileRef = 088EACE928512477007FD854 /* NetworkingLogLevel.swift */; };
		088EACF228512477007FD854 /* NetworkLogger.swift in Sources */ = {isa = PBXBuildFile; fileRef = 088EACEA28512477007FD854 /* NetworkLogger.swift */; };
		088EACF328512477007FD854 /* HTTPCreateRequest.swift in Sources */ = {isa = PBXBuildFile; fileRef = 088EACEB28512477007FD854 /* HTTPCreateRequest.swift */; };
		088EACF428512477007FD854 /* HTTPRequest.swift in Sources */ = {isa = PBXBuildFile; fileRef = 088EACEC28512477007FD854 /* HTTPRequest.swift */; };
		088EACF528512477007FD854 /* NetworkSession.swift in Sources */ = {isa = PBXBuildFile; fileRef = 088EACED28512477007FD854 /* NetworkSession.swift */; };
		088EACF628512477007FD854 /* HTTPExtension.swift in Sources */ = {isa = PBXBuildFile; fileRef = 088EACEE28512477007FD854 /* HTTPExtension.swift */; };
		088EACF728512477007FD854 /* HTTPMethod.swift in Sources */ = {isa = PBXBuildFile; fileRef = 088EACEF28512477007FD854 /* HTTPMethod.swift */; };
		088EACF828512477007FD854 /* ErrorResponse.swift in Sources */ = {isa = PBXBuildFile; fileRef = 088EACF028512477007FD854 /* ErrorResponse.swift */; };
		088EACFB28512B7D007FD854 /* Login.storyboard in Resources */ = {isa = PBXBuildFile; fileRef = 088EACFA28512B7D007FD854 /* Login.storyboard */; };
		088EACFE28512BA2007FD854 /* EmailViewController.swift in Sources */ = {isa = PBXBuildFile; fileRef = 088EACFD28512BA2007FD854 /* EmailViewController.swift */; };
		088EAD0028512BAE007FD854 /* OtpVerifyViewController.swift in Sources */ = {isa = PBXBuildFile; fileRef = 088EACFF28512BAE007FD854 /* OtpVerifyViewController.swift */; };
		088EAD0328512BE5007FD854 /* AlertOptions.swift in Sources */ = {isa = PBXBuildFile; fileRef = 088EAD0228512BE5007FD854 /* AlertOptions.swift */; };
		088EAD0528512BF7007FD854 /* Observable.swift in Sources */ = {isa = PBXBuildFile; fileRef = 088EAD0428512BF7007FD854 /* Observable.swift */; };
		088EAD0728512C25007FD854 /* Extension.swift in Sources */ = {isa = PBXBuildFile; fileRef = 088EAD0628512C25007FD854 /* Extension.swift */; };
		088EAD0A28512C62007FD854 /* StoryBoard.swift in Sources */ = {isa = PBXBuildFile; fileRef = 088EAD0928512C62007FD854 /* StoryBoard.swift */; };
		088EAD0C28512C83007FD854 /* Endpoint.swift in Sources */ = {isa = PBXBuildFile; fileRef = 088EAD0B28512C83007FD854 /* Endpoint.swift */; };
		088EAD0F28528177007FD854 /* BTextField.swift in Sources */ = {isa = PBXBuildFile; fileRef = 088EAD0E28528177007FD854 /* BTextField.swift */; };
		088EAD11285289C8007FD854 /* BButton.swift in Sources */ = {isa = PBXBuildFile; fileRef = 088EAD10285289C8007FD854 /* BButton.swift */; };
		088EAD1628530900007FD854 /* EmailViewModel.swift in Sources */ = {isa = PBXBuildFile; fileRef = 088EAD15285308FF007FD854 /* EmailViewModel.swift */; };
		088EAD1B2853214B007FD854 /* EmailToken.swift in Sources */ = {isa = PBXBuildFile; fileRef = 088EAD1A2853214A007FD854 /* EmailToken.swift */; };
		B47E39DE03C5FC440D314F32 /* Pods_Basis.framework in Frameworks */ = {isa = PBXBuildFile; fileRef = A504CC370FC35CF5246DC52E /* Pods_Basis.framework */; };
/* End PBXBuildFile section */

/* Begin PBXContainerItemProxy section */
		082C5D4D28565B3800048D3D /* PBXContainerItemProxy */ = {
			isa = PBXContainerItemProxy;
			containerPortal = 088EACC628511D94007FD854 /* Project object */;
			proxyType = 1;
			remoteGlobalIDString = 088EACCD28511D95007FD854;
			remoteInfo = Basis;
		};
		082C5D5C28565B4F00048D3D /* PBXContainerItemProxy */ = {
			isa = PBXContainerItemProxy;
			containerPortal = 088EACC628511D94007FD854 /* Project object */;
			proxyType = 1;
			remoteGlobalIDString = 088EACCD28511D95007FD854;
			remoteInfo = Basis;
		};
/* End PBXContainerItemProxy section */

/* Begin PBXFileReference section */
		082C5D4928565B3800048D3D /* BasisTests.xctest */ = {isa = PBXFileReference; explicitFileType = wrapper.cfbundle; includeInIndex = 0; path = BasisTests.xctest; sourceTree = BUILT_PRODUCTS_DIR; };
		082C5D4B28565B3800048D3D /* BasisTests.swift */ = {isa = PBXFileReference; lastKnownFileType = sourcecode.swift; path = BasisTests.swift; sourceTree = "<group>"; };
		082C5D5628565B4F00048D3D /* BasisUITests.xctest */ = {isa = PBXFileReference; explicitFileType = wrapper.cfbundle; includeInIndex = 0; path = BasisUITests.xctest; sourceTree = BUILT_PRODUCTS_DIR; };
		082C5D5828565B4F00048D3D /* BasisUITests.swift */ = {isa = PBXFileReference; lastKnownFileType = sourcecode.swift; path = BasisUITests.swift; sourceTree = "<group>"; };
		082C5D5A28565B4F00048D3D /* BasisUITestsLaunchTests.swift */ = {isa = PBXFileReference; lastKnownFileType = sourcecode.swift; path = BasisUITestsLaunchTests.swift; sourceTree = "<group>"; };
		082C5D632856617B00048D3D /* EmailScreen.swift */ = {isa = PBXFileReference; lastKnownFileType = sourcecode.swift; path = EmailScreen.swift; sourceTree = "<group>"; };
		08344ACE2854464E00F0D0FE /* OTPVerificationViewModel.swift */ = {isa = PBXFileReference; lastKnownFileType = sourcecode.swift; path = OTPVerificationViewModel.swift; sourceTree = "<group>"; };
		08344AD02854481400F0D0FE /* VerifyUser.swift */ = {isa = PBXFileReference; lastKnownFileType = sourcecode.swift; path = VerifyUser.swift; sourceTree = "<group>"; };
		088EACCE28511D95007FD854 /* Basis.app */ = {isa = PBXFileReference; explicitFileType = wrapper.application; includeInIndex = 0; path = Basis.app; sourceTree = BUILT_PRODUCTS_DIR; };
		088EACD128511D95007FD854 /* AppDelegate.swift */ = {isa = PBXFileReference; lastKnownFileType = sourcecode.swift; path = AppDelegate.swift; sourceTree = "<group>"; };
		088EACD328511D95007FD854 /* SceneDelegate.swift */ = {isa = PBXFileReference; lastKnownFileType = sourcecode.swift; path = SceneDelegate.swift; sourceTree = "<group>"; };
		088EACD528511D95007FD854 /* ViewController.swift */ = {isa = PBXFileReference; lastKnownFileType = sourcecode.swift; path = ViewController.swift; sourceTree = "<group>"; };
		088EACD828511D95007FD854 /* Base */ = {isa = PBXFileReference; lastKnownFileType = file.storyboard; name = Base; path = Base.lproj/Main.storyboard; sourceTree = "<group>"; };
		088EACDA28511D9B007FD854 /* Assets.xcassets */ = {isa = PBXFileReference; lastKnownFileType = folder.assetcatalog; path = Assets.xcassets; sourceTree = "<group>"; };
		088EACDD28511D9B007FD854 /* Base */ = {isa = PBXFileReference; lastKnownFileType = file.storyboard; name = Base; path = Base.lproj/LaunchScreen.storyboard; sourceTree = "<group>"; };
		088EACDF28511D9B007FD854 /* Info.plist */ = {isa = PBXFileReference; lastKnownFileType = text.plist.xml; path = Info.plist; sourceTree = "<group>"; };
		088EACE928512477007FD854 /* NetworkingLogLevel.swift */ = {isa = PBXFileReference; fileEncoding = 4; lastKnownFileType = sourcecode.swift; path = NetworkingLogLevel.swift; sourceTree = "<group>"; };
		088EACEA28512477007FD854 /* NetworkLogger.swift */ = {isa = PBXFileReference; fileEncoding = 4; lastKnownFileType = sourcecode.swift; path = NetworkLogger.swift; sourceTree = "<group>"; };
		088EACEB28512477007FD854 /* HTTPCreateRequest.swift */ = {isa = PBXFileReference; fileEncoding = 4; lastKnownFileType = sourcecode.swift; path = HTTPCreateRequest.swift; sourceTree = "<group>"; };
		088EACEC28512477007FD854 /* HTTPRequest.swift */ = {isa = PBXFileReference; fileEncoding = 4; lastKnownFileType = sourcecode.swift; path = HTTPRequest.swift; sourceTree = "<group>"; };
		088EACED28512477007FD854 /* NetworkSession.swift */ = {isa = PBXFileReference; fileEncoding = 4; lastKnownFileType = sourcecode.swift; path = NetworkSession.swift; sourceTree = "<group>"; };
		088EACEE28512477007FD854 /* HTTPExtension.swift */ = {isa = PBXFileReference; fileEncoding = 4; lastKnownFileType = sourcecode.swift; path = HTTPExtension.swift; sourceTree = "<group>"; };
		088EACEF28512477007FD854 /* HTTPMethod.swift */ = {isa = PBXFileReference; fileEncoding = 4; lastKnownFileType = sourcecode.swift; path = HTTPMethod.swift; sourceTree = "<group>"; };
		088EACF028512477007FD854 /* ErrorResponse.swift */ = {isa = PBXFileReference; fileEncoding = 4; lastKnownFileType = sourcecode.swift; path = ErrorResponse.swift; sourceTree = "<group>"; };
		088EACFA28512B7D007FD854 /* Login.storyboard */ = {isa = PBXFileReference; lastKnownFileType = file.storyboard; path = Login.storyboard; sourceTree = "<group>"; };
		088EACFD28512BA2007FD854 /* EmailViewController.swift */ = {isa = PBXFileReference; lastKnownFileType = sourcecode.swift; path = EmailViewController.swift; sourceTree = "<group>"; };
		088EACFF28512BAE007FD854 /* OtpVerifyViewController.swift */ = {isa = PBXFileReference; lastKnownFileType = sourcecode.swift; path = OtpVerifyViewController.swift; sourceTree = "<group>"; };
		088EAD0228512BE5007FD854 /* AlertOptions.swift */ = {isa = PBXFileReference; lastKnownFileType = sourcecode.swift; path = AlertOptions.swift; sourceTree = "<group>"; };
		088EAD0428512BF7007FD854 /* Observable.swift */ = {isa = PBXFileReference; lastKnownFileType = sourcecode.swift; path = Observable.swift; sourceTree = "<group>"; };
		088EAD0628512C25007FD854 /* Extension.swift */ = {isa = PBXFileReference; lastKnownFileType = sourcecode.swift; path = Extension.swift; sourceTree = "<group>"; };
		088EAD0928512C62007FD854 /* StoryBoard.swift */ = {isa = PBXFileReference; lastKnownFileType = sourcecode.swift; path = StoryBoard.swift; sourceTree = "<group>"; };
		088EAD0B28512C83007FD854 /* Endpoint.swift */ = {isa = PBXFileReference; lastKnownFileType = sourcecode.swift; path = Endpoint.swift; sourceTree = "<group>"; };
		088EAD0E28528177007FD854 /* BTextField.swift */ = {isa = PBXFileReference; lastKnownFileType = sourcecode.swift; path = BTextField.swift; sourceTree = "<group>"; };
		088EAD10285289C8007FD854 /* BButton.swift */ = {isa = PBXFileReference; lastKnownFileType = sourcecode.swift; path = BButton.swift; sourceTree = "<group>"; };
		088EAD15285308FF007FD854 /* EmailViewModel.swift */ = {isa = PBXFileReference; lastKnownFileType = sourcecode.swift; path = EmailViewModel.swift; sourceTree = "<group>"; };
		088EAD1A2853214A007FD854 /* EmailToken.swift */ = {isa = PBXFileReference; lastKnownFileType = sourcecode.swift; path = EmailToken.swift; sourceTree = "<group>"; };
		A504CC370FC35CF5246DC52E /* Pods_Basis.framework */ = {isa = PBXFileReference; explicitFileType = wrapper.framework; includeInIndex = 0; path = Pods_Basis.framework; sourceTree = BUILT_PRODUCTS_DIR; };
		CC959E052CAEDFDAA66CB2EE /* Pods-Basis.release.xcconfig */ = {isa = PBXFileReference; includeInIndex = 1; lastKnownFileType = text.xcconfig; name = "Pods-Basis.release.xcconfig"; path = "Target Support Files/Pods-Basis/Pods-Basis.release.xcconfig"; sourceTree = "<group>"; };
		D8AB007E0A9B8DB141DAA9EC /* Pods-Basis.debug.xcconfig */ = {isa = PBXFileReference; includeInIndex = 1; lastKnownFileType = text.xcconfig; name = "Pods-Basis.debug.xcconfig"; path = "Target Support Files/Pods-Basis/Pods-Basis.debug.xcconfig"; sourceTree = "<group>"; };
/* End PBXFileReference section */

/* Begin PBXFrameworksBuildPhase section */
		082C5D4628565B3800048D3D /* Frameworks */ = {
			isa = PBXFrameworksBuildPhase;
			buildActionMask = 2147483647;
			files = (
			);
			runOnlyForDeploymentPostprocessing = 0;
		};
		082C5D5328565B4F00048D3D /* Frameworks */ = {
			isa = PBXFrameworksBuildPhase;
			buildActionMask = 2147483647;
			files = (
			);
			runOnlyForDeploymentPostprocessing = 0;
		};
		088EACCB28511D95007FD854 /* Frameworks */ = {
			isa = PBXFrameworksBuildPhase;
			buildActionMask = 2147483647;
			files = (
				B47E39DE03C5FC440D314F32 /* Pods_Basis.framework in Frameworks */,
			);
			runOnlyForDeploymentPostprocessing = 0;
		};
/* End PBXFrameworksBuildPhase section */

/* Begin PBXGroup section */
		082C5D4A28565B3800048D3D /* BasisTests */ = {
			isa = PBXGroup;
			children = (
				082C5D4B28565B3800048D3D /* BasisTests.swift */,
			);
			path = BasisTests;
			sourceTree = "<group>";
		};
		082C5D5728565B4F00048D3D /* BasisUITests */ = {
			isa = PBXGroup;
			children = (
				082C5D5828565B4F00048D3D /* BasisUITests.swift */,
				082C5D5A28565B4F00048D3D /* BasisUITestsLaunchTests.swift */,
				082C5D632856617B00048D3D /* EmailScreen.swift */,
			);
			path = BasisUITests;
			sourceTree = "<group>";
		};
		088EACC528511D94007FD854 = {
			isa = PBXGroup;
			children = (
				088EACD028511D95007FD854 /* Basis */,
				082C5D4A28565B3800048D3D /* BasisTests */,
				082C5D5728565B4F00048D3D /* BasisUITests */,
				088EACCF28511D95007FD854 /* Products */,
				2761387BA2A5789F479AB4CD /* Pods */,
				39FFB2DF78ED5634F2E5A009 /* Frameworks */,
			);
			sourceTree = "<group>";
		};
		088EACCF28511D95007FD854 /* Products */ = {
			isa = PBXGroup;
			children = (
				088EACCE28511D95007FD854 /* Basis.app */,
				082C5D4928565B3800048D3D /* BasisTests.xctest */,
				082C5D5628565B4F00048D3D /* BasisUITests.xctest */,
			);
			name = Products;
			sourceTree = "<group>";
		};
		088EACD028511D95007FD854 /* Basis */ = {
			isa = PBXGroup;
			children = (
				088EAD0D2852815E007FD854 /* Compoments */,
				088EAD0828512C43007FD854 /* Constants */,
				088EAD0128512BB2007FD854 /* utils */,
				088EACF928512B6D007FD854 /* Login */,
				088EACE728512477007FD854 /* Network */,
				088EACD128511D95007FD854 /* AppDelegate.swift */,
				088EACD328511D95007FD854 /* SceneDelegate.swift */,
				088EACD528511D95007FD854 /* ViewController.swift */,
				088EACD728511D95007FD854 /* Main.storyboard */,
				088EACDA28511D9B007FD854 /* Assets.xcassets */,
				088EACDC28511D9B007FD854 /* LaunchScreen.storyboard */,
				088EACDF28511D9B007FD854 /* Info.plist */,
			);
			path = Basis;
			sourceTree = "<group>";
		};
		088EACE728512477007FD854 /* Network */ = {
			isa = PBXGroup;
			children = (
				088EACE828512477007FD854 /* logger */,
				088EACEB28512477007FD854 /* HTTPCreateRequest.swift */,
				088EACEC28512477007FD854 /* HTTPRequest.swift */,
				088EACED28512477007FD854 /* NetworkSession.swift */,
				088EACEE28512477007FD854 /* HTTPExtension.swift */,
				088EACEF28512477007FD854 /* HTTPMethod.swift */,
				088EACF028512477007FD854 /* ErrorResponse.swift */,
			);
			path = Network;
			sourceTree = "<group>";
		};
		088EACE828512477007FD854 /* logger */ = {
			isa = PBXGroup;
			children = (
				088EACE928512477007FD854 /* NetworkingLogLevel.swift */,
				088EACEA28512477007FD854 /* NetworkLogger.swift */,
			);
			path = logger;
			sourceTree = "<group>";
		};
		088EACF928512B6D007FD854 /* Login */ = {
			isa = PBXGroup;
			children = (
				088EAD1928531CC2007FD854 /* Modal */,
				088EAD14285308E6007FD854 /* ViewModel */,
				088EACFC28512B85007FD854 /* ViewController */,
				088EACFA28512B7D007FD854 /* Login.storyboard */,
			);
			path = Login;
			sourceTree = "<group>";
		};
		088EACFC28512B85007FD854 /* ViewController */ = {
			isa = PBXGroup;
			children = (
				088EACFD28512BA2007FD854 /* EmailViewController.swift */,
				088EACFF28512BAE007FD854 /* OtpVerifyViewController.swift */,
			);
			path = ViewController;
			sourceTree = "<group>";
		};
		088EAD0128512BB2007FD854 /* utils */ = {
			isa = PBXGroup;
			children = (
				088EAD0228512BE5007FD854 /* AlertOptions.swift */,
				088EAD0428512BF7007FD854 /* Observable.swift */,
				088EAD0628512C25007FD854 /* Extension.swift */,
			);
			path = utils;
			sourceTree = "<group>";
		};
		088EAD0828512C43007FD854 /* Constants */ = {
			isa = PBXGroup;
			children = (
				088EAD0928512C62007FD854 /* StoryBoard.swift */,
				088EAD0B28512C83007FD854 /* Endpoint.swift */,
			);
			path = Constants;
			sourceTree = "<group>";
		};
		088EAD0D2852815E007FD854 /* Compoments */ = {
			isa = PBXGroup;
			children = (
				088EAD0E28528177007FD854 /* BTextField.swift */,
				088EAD10285289C8007FD854 /* BButton.swift */,
			);
			path = Compoments;
			sourceTree = "<group>";
		};
		088EAD14285308E6007FD854 /* ViewModel */ = {
			isa = PBXGroup;
			children = (
				088EAD15285308FF007FD854 /* EmailViewModel.swift */,
				08344ACE2854464E00F0D0FE /* OTPVerificationViewModel.swift */,
			);
			path = ViewModel;
			sourceTree = "<group>";
		};
		088EAD1928531CC2007FD854 /* Modal */ = {
			isa = PBXGroup;
			children = (
				088EAD1A2853214A007FD854 /* EmailToken.swift */,
				08344AD02854481400F0D0FE /* VerifyUser.swift */,
			);
			path = Modal;
			sourceTree = "<group>";
		};
		2761387BA2A5789F479AB4CD /* Pods */ = {
			isa = PBXGroup;
			children = (
				D8AB007E0A9B8DB141DAA9EC /* Pods-Basis.debug.xcconfig */,
				CC959E052CAEDFDAA66CB2EE /* Pods-Basis.release.xcconfig */,
			);
			path = Pods;
			sourceTree = "<group>";
		};
		39FFB2DF78ED5634F2E5A009 /* Frameworks */ = {
			isa = PBXGroup;
			children = (
				A504CC370FC35CF5246DC52E /* Pods_Basis.framework */,
			);
			name = Frameworks;
			sourceTree = "<group>";
		};
/* End PBXGroup section */

/* Begin PBXNativeTarget section */
		082C5D4828565B3800048D3D /* BasisTests */ = {
			isa = PBXNativeTarget;
			buildConfigurationList = 082C5D5128565B3800048D3D /* Build configuration list for PBXNativeTarget "BasisTests" */;
			buildPhases = (
				082C5D4528565B3800048D3D /* Sources */,
				082C5D4628565B3800048D3D /* Frameworks */,
				082C5D4728565B3800048D3D /* Resources */,
			);
			buildRules = (
			);
			dependencies = (
				082C5D4E28565B3800048D3D /* PBXTargetDependency */,
			);
			name = BasisTests;
			productName = BasisTests;
			productReference = 082C5D4928565B3800048D3D /* BasisTests.xctest */;
			productType = "com.apple.product-type.bundle.unit-test";
		};
		082C5D5528565B4F00048D3D /* BasisUITests */ = {
			isa = PBXNativeTarget;
			buildConfigurationList = 082C5D5E28565B4F00048D3D /* Build configuration list for PBXNativeTarget "BasisUITests" */;
			buildPhases = (
				082C5D5228565B4F00048D3D /* Sources */,
				082C5D5328565B4F00048D3D /* Frameworks */,
				082C5D5428565B4F00048D3D /* Resources */,
			);
			buildRules = (
			);
			dependencies = (
				082C5D5D28565B4F00048D3D /* PBXTargetDependency */,
			);
			name = BasisUITests;
			productName = BasisUITests;
			productReference = 082C5D5628565B4F00048D3D /* BasisUITests.xctest */;
			productType = "com.apple.product-type.bundle.ui-testing";
		};
		088EACCD28511D95007FD854 /* Basis */ = {
			isa = PBXNativeTarget;
			buildConfigurationList = 088EACE228511D9B007FD854 /* Build configuration list for PBXNativeTarget "Basis" */;
			buildPhases = (
				F75670D6548258B66BA35C72 /* [CP] Check Pods Manifest.lock */,
				088EACCA28511D95007FD854 /* Sources */,
				088EACCB28511D95007FD854 /* Frameworks */,
				088EACCC28511D95007FD854 /* Resources */,
				CBD063918E859D8E7F809BAB /* [CP] Embed Pods Frameworks */,
			);
			buildRules = (
			);
			dependencies = (
			);
			name = Basis;
			productName = Basis;
			productReference = 088EACCE28511D95007FD854 /* Basis.app */;
			productType = "com.apple.product-type.application";
		};
/* End PBXNativeTarget section */

/* Begin PBXProject section */
		088EACC628511D94007FD854 /* Project object */ = {
			isa = PBXProject;
			attributes = {
				BuildIndependentTargetsInParallel = 1;
				LastSwiftUpdateCheck = 1320;
				LastUpgradeCheck = 1320;
				TargetAttributes = {
					082C5D4828565B3800048D3D = {
						CreatedOnToolsVersion = 13.2.1;
						TestTargetID = 088EACCD28511D95007FD854;
					};
					082C5D5528565B4F00048D3D = {
						CreatedOnToolsVersion = 13.2.1;
						TestTargetID = 088EACCD28511D95007FD854;
					};
					088EACCD28511D95007FD854 = {
						CreatedOnToolsVersion = 13.2.1;
					};
				};
			};
			buildConfigurationList = 088EACC928511D94007FD854 /* Build configuration list for PBXProject "Basis" */;
			compatibilityVersion = "Xcode 13.0";
			developmentRegion = en;
			hasScannedForEncodings = 0;
			knownRegions = (
				en,
				Base,
			);
			mainGroup = 088EACC528511D94007FD854;
			productRefGroup = 088EACCF28511D95007FD854 /* Products */;
			projectDirPath = "";
			projectRoot = "";
			targets = (
				088EACCD28511D95007FD854 /* Basis */,
				082C5D4828565B3800048D3D /* BasisTests */,
				082C5D5528565B4F00048D3D /* BasisUITests */,
			);
		};
/* End PBXProject section */

/* Begin PBXResourcesBuildPhase section */
		082C5D4728565B3800048D3D /* Resources */ = {
			isa = PBXResourcesBuildPhase;
			buildActionMask = 2147483647;
			files = (
			);
			runOnlyForDeploymentPostprocessing = 0;
		};
		082C5D5428565B4F00048D3D /* Resources */ = {
			isa = PBXResourcesBuildPhase;
			buildActionMask = 2147483647;
			files = (
			);
			runOnlyForDeploymentPostprocessing = 0;
		};
		088EACCC28511D95007FD854 /* Resources */ = {
			isa = PBXResourcesBuildPhase;
			buildActionMask = 2147483647;
			files = (
				088EACFB28512B7D007FD854 /* Login.storyboard in Resources */,
				088EACDE28511D9B007FD854 /* LaunchScreen.storyboard in Resources */,
				088EACDB28511D9B007FD854 /* Assets.xcassets in Resources */,
				088EACD928511D95007FD854 /* Main.storyboard in Resources */,
			);
			runOnlyForDeploymentPostprocessing = 0;
		};
/* End PBXResourcesBuildPhase section */

/* Begin PBXShellScriptBuildPhase section */
		CBD063918E859D8E7F809BAB /* [CP] Embed Pods Frameworks */ = {
			isa = PBXShellScriptBuildPhase;
			buildActionMask = 2147483647;
			files = (
			);
			inputFileListPaths = (
				"${PODS_ROOT}/Target Support Files/Pods-Basis/Pods-Basis-frameworks-${CONFIGURATION}-input-files.xcfilelist",
			);
			name = "[CP] Embed Pods Frameworks";
			outputFileListPaths = (
				"${PODS_ROOT}/Target Support Files/Pods-Basis/Pods-Basis-frameworks-${CONFIGURATION}-output-files.xcfilelist",
			);
			runOnlyForDeploymentPostprocessing = 0;
			shellPath = /bin/sh;
			shellScript = "\"${PODS_ROOT}/Target Support Files/Pods-Basis/Pods-Basis-frameworks.sh\"\n";
			showEnvVarsInLog = 0;
		};
		F75670D6548258B66BA35C72 /* [CP] Check Pods Manifest.lock */ = {
			isa = PBXShellScriptBuildPhase;
			buildActionMask = 2147483647;
			files = (
			);
			inputFileListPaths = (
			);
			inputPaths = (
				"${PODS_PODFILE_DIR_PATH}/Podfile.lock",
				"${PODS_ROOT}/Manifest.lock",
			);
			name = "[CP] Check Pods Manifest.lock";
			outputFileListPaths = (
			);
			outputPaths = (
				"$(DERIVED_FILE_DIR)/Pods-Basis-checkManifestLockResult.txt",
			);
			runOnlyForDeploymentPostprocessing = 0;
			shellPath = /bin/sh;
			shellScript = "diff \"${PODS_PODFILE_DIR_PATH}/Podfile.lock\" \"${PODS_ROOT}/Manifest.lock\" > /dev/null\nif [ $? != 0 ] ; then\n    # print error to STDERR\n    echo \"error: The sandbox is not in sync with the Podfile.lock. Run 'pod install' or update your CocoaPods installation.\" >&2\n    exit 1\nfi\n# This output is used by Xcode 'outputs' to avoid re-running this script phase.\necho \"SUCCESS\" > \"${SCRIPT_OUTPUT_FILE_0}\"\n";
			showEnvVarsInLog = 0;
		};
/* End PBXShellScriptBuildPhase section */

/* Begin PBXSourcesBuildPhase section */
		082C5D4528565B3800048D3D /* Sources */ = {
			isa = PBXSourcesBuildPhase;
			buildActionMask = 2147483647;
			files = (
				082C5D4C28565B3800048D3D /* BasisTests.swift in Sources */,
			);
			runOnlyForDeploymentPostprocessing = 0;
		};
		082C5D5228565B4F00048D3D /* Sources */ = {
			isa = PBXSourcesBuildPhase;
			buildActionMask = 2147483647;
			files = (
				082C5D5928565B4F00048D3D /* BasisUITests.swift in Sources */,
				082C5D5B28565B4F00048D3D /* BasisUITestsLaunchTests.swift in Sources */,
				082C5D642856617B00048D3D /* EmailScreen.swift in Sources */,
			);
			runOnlyForDeploymentPostprocessing = 0;
		};
		088EACCA28511D95007FD854 /* Sources */ = {
			isa = PBXSourcesBuildPhase;
			buildActionMask = 2147483647;
			files = (
				088EACF228512477007FD854 /* NetworkLogger.swift in Sources */,
				088EAD0F28528177007FD854 /* BTextField.swift in Sources */,
				088EAD0528512BF7007FD854 /* Observable.swift in Sources */,
				088EAD0328512BE5007FD854 /* AlertOptions.swift in Sources */,
				088EAD0028512BAE007FD854 /* OtpVerifyViewController.swift in Sources */,
				088EACD628511D95007FD854 /* ViewController.swift in Sources */,
				088EAD11285289C8007FD854 /* BButton.swift in Sources */,
				088EACF128512477007FD854 /* NetworkingLogLevel.swift in Sources */,
				088EACF628512477007FD854 /* HTTPExtension.swift in Sources */,
				088EAD1628530900007FD854 /* EmailViewModel.swift in Sources */,
				088EAD0728512C25007FD854 /* Extension.swift in Sources */,
				088EACF328512477007FD854 /* HTTPCreateRequest.swift in Sources */,
				088EACF428512477007FD854 /* HTTPRequest.swift in Sources */,
				088EAD0C28512C83007FD854 /* Endpoint.swift in Sources */,
				088EACF528512477007FD854 /* NetworkSession.swift in Sources */,
				08344AD12854481400F0D0FE /* VerifyUser.swift in Sources */,
				088EACD228511D95007FD854 /* AppDelegate.swift in Sources */,
				088EACFE28512BA2007FD854 /* EmailViewController.swift in Sources */,
				088EACF828512477007FD854 /* ErrorResponse.swift in Sources */,
				088EACF728512477007FD854 /* HTTPMethod.swift in Sources */,
				088EACD428511D95007FD854 /* SceneDelegate.swift in Sources */,
				088EAD1B2853214B007FD854 /* EmailToken.swift in Sources */,
				08344ACF2854464E00F0D0FE /* OTPVerificationViewModel.swift in Sources */,
				088EAD0A28512C62007FD854 /* StoryBoard.swift in Sources */,
			);
			runOnlyForDeploymentPostprocessing = 0;
		};
/* End PBXSourcesBuildPhase section */

/* Begin PBXTargetDependency section */
		082C5D4E28565B3800048D3D /* PBXTargetDependency */ = {
			isa = PBXTargetDependency;
			target = 088EACCD28511D95007FD854 /* Basis */;
			targetProxy = 082C5D4D28565B3800048D3D /* PBXContainerItemProxy */;
		};
		082C5D5D28565B4F00048D3D /* PBXTargetDependency */ = {
			isa = PBXTargetDependency;
			target = 088EACCD28511D95007FD854 /* Basis */;
			targetProxy = 082C5D5C28565B4F00048D3D /* PBXContainerItemProxy */;
		};
/* End PBXTargetDependency section */

/* Begin PBXVariantGroup section */
		088EACD728511D95007FD854 /* Main.storyboard */ = {
			isa = PBXVariantGroup;
			children = (
				088EACD828511D95007FD854 /* Base */,
			);
			name = Main.storyboard;
			sourceTree = "<group>";
		};
		088EACDC28511D9B007FD854 /* LaunchScreen.storyboard */ = {
			isa = PBXVariantGroup;
			children = (
				088EACDD28511D9B007FD854 /* Base */,
			);
			name = LaunchScreen.storyboard;
			sourceTree = "<group>";
		};
/* End PBXVariantGroup section */

/* Begin XCBuildConfiguration section */
		082C5D4F28565B3800048D3D /* Debug */ = {
			isa = XCBuildConfiguration;
			buildSettings = {
				BUNDLE_LOADER = "$(TEST_HOST)";
				CODE_SIGN_STYLE = Automatic;
				CURRENT_PROJECT_VERSION = 1;
				GENERATE_INFOPLIST_FILE = YES;
				MARKETING_VERSION = 1.0;
				PRODUCT_BUNDLE_IDENTIFIER = com.Personal.BasisTests;
				PRODUCT_NAME = "$(TARGET_NAME)";
				SWIFT_EMIT_LOC_STRINGS = NO;
				SWIFT_VERSION = 5.0;
				TARGETED_DEVICE_FAMILY = "1,2";
				TEST_HOST = "$(BUILT_PRODUCTS_DIR)/Basis.app/Basis";
			};
			name = Debug;
		};
		082C5D5028565B3800048D3D /* Release */ = {
			isa = XCBuildConfiguration;
			buildSettings = {
				BUNDLE_LOADER = "$(TEST_HOST)";
				CODE_SIGN_STYLE = Automatic;
				CURRENT_PROJECT_VERSION = 1;
				GENERATE_INFOPLIST_FILE = YES;
				MARKETING_VERSION = 1.0;
				PRODUCT_BUNDLE_IDENTIFIER = com.Personal.BasisTests;
				PRODUCT_NAME = "$(TARGET_NAME)";
				SWIFT_EMIT_LOC_STRINGS = NO;
				SWIFT_VERSION = 5.0;
				TARGETED_DEVICE_FAMILY = "1,2";
				TEST_HOST = "$(BUILT_PRODUCTS_DIR)/Basis.app/Basis";
			};
			name = Release;
		};
		082C5D5F28565B4F00048D3D /* Debug */ = {
			isa = XCBuildConfiguration;
			buildSettings = {
				CODE_SIGN_STYLE = Automatic;
				CURRENT_PROJECT_VERSION = 1;
				GENERATE_INFOPLIST_FILE = YES;
				MARKETING_VERSION = 1.0;
				PRODUCT_BUNDLE_IDENTIFIER = com.Personal.BasisUITests;
				PRODUCT_NAME = "$(TARGET_NAME)";
				SWIFT_EMIT_LOC_STRINGS = NO;
				SWIFT_VERSION = 5.0;
				TARGETED_DEVICE_FAMILY = "1,2";
				TEST_TARGET_NAME = Basis;
			};
			name = Debug;
		};
		082C5D6028565B4F00048D3D /* Release */ = {
			isa = XCBuildConfiguration;
			buildSettings = {
				CODE_SIGN_STYLE = Automatic;
				CURRENT_PROJECT_VERSION = 1;
				GENERATE_INFOPLIST_FILE = YES;
				MARKETING_VERSION = 1.0;
				PRODUCT_BUNDLE_IDENTIFIER = com.Personal.BasisUITests;
				PRODUCT_NAME = "$(TARGET_NAME)";
				SWIFT_EMIT_LOC_STRINGS = NO;
				SWIFT_VERSION = 5.0;
				TARGETED_DEVICE_FAMILY = "1,2";
				TEST_TARGET_NAME = Basis;
			};
			name = Release;
		};
		088EACE028511D9B007FD854 /* Debug */ = {
			isa = XCBuildConfiguration;
			buildSettings = {
				ALWAYS_SEARCH_USER_PATHS = NO;
				CLANG_ANALYZER_NONNULL = YES;
				CLANG_ANALYZER_NUMBER_OBJECT_CONVERSION = YES_AGGRESSIVE;
				CLANG_CXX_LANGUAGE_STANDARD = "gnu++17";
				CLANG_CXX_LIBRARY = "libc++";
				CLANG_ENABLE_MODULES = YES;
				CLANG_ENABLE_OBJC_ARC = YES;
				CLANG_ENABLE_OBJC_WEAK = YES;
				CLANG_WARN_BLOCK_CAPTURE_AUTORELEASING = YES;
				CLANG_WARN_BOOL_CONVERSION = YES;
				CLANG_WARN_COMMA = YES;
				CLANG_WARN_CONSTANT_CONVERSION = YES;
				CLANG_WARN_DEPRECATED_OBJC_IMPLEMENTATIONS = YES;
				CLANG_WARN_DIRECT_OBJC_ISA_USAGE = YES_ERROR;
				CLANG_WARN_DOCUMENTATION_COMMENTS = YES;
				CLANG_WARN_EMPTY_BODY = YES;
				CLANG_WARN_ENUM_CONVERSION = YES;
				CLANG_WARN_INFINITE_RECURSION = YES;
				CLANG_WARN_INT_CONVERSION = YES;
				CLANG_WARN_NON_LITERAL_NULL_CONVERSION = YES;
				CLANG_WARN_OBJC_IMPLICIT_RETAIN_SELF = YES;
				CLANG_WARN_OBJC_LITERAL_CONVERSION = YES;
				CLANG_WARN_OBJC_ROOT_CLASS = YES_ERROR;
				CLANG_WARN_QUOTED_INCLUDE_IN_FRAMEWORK_HEADER = YES;
				CLANG_WARN_RANGE_LOOP_ANALYSIS = YES;
				CLANG_WARN_STRICT_PROTOTYPES = YES;
				CLANG_WARN_SUSPICIOUS_MOVE = YES;
				CLANG_WARN_UNGUARDED_AVAILABILITY = YES_AGGRESSIVE;
				CLANG_WARN_UNREACHABLE_CODE = YES;
				CLANG_WARN__DUPLICATE_METHOD_MATCH = YES;
				COPY_PHASE_STRIP = NO;
				DEBUG_INFORMATION_FORMAT = dwarf;
				ENABLE_STRICT_OBJC_MSGSEND = YES;
				ENABLE_TESTABILITY = YES;
				GCC_C_LANGUAGE_STANDARD = gnu11;
				GCC_DYNAMIC_NO_PIC = NO;
				GCC_NO_COMMON_BLOCKS = YES;
				GCC_OPTIMIZATION_LEVEL = 0;
				GCC_PREPROCESSOR_DEFINITIONS = (
					"DEBUG=1",
					"$(inherited)",
				);
				GCC_WARN_64_TO_32_BIT_CONVERSION = YES;
				GCC_WARN_ABOUT_RETURN_TYPE = YES_ERROR;
				GCC_WARN_UNDECLARED_SELECTOR = YES;
				GCC_WARN_UNINITIALIZED_AUTOS = YES_AGGRESSIVE;
				GCC_WARN_UNUSED_FUNCTION = YES;
				GCC_WARN_UNUSED_VARIABLE = YES;
				IPHONEOS_DEPLOYMENT_TARGET = 15.2;
				MTL_ENABLE_DEBUG_INFO = INCLUDE_SOURCE;
				MTL_FAST_MATH = YES;
				ONLY_ACTIVE_ARCH = YES;
				SDKROOT = iphoneos;
				SWIFT_ACTIVE_COMPILATION_CONDITIONS = DEBUG;
				SWIFT_OPTIMIZATION_LEVEL = "-Onone";
			};
			name = Debug;
		};
		088EACE128511D9B007FD854 /* Release */ = {
			isa = XCBuildConfiguration;
			buildSettings = {
				ALWAYS_SEARCH_USER_PATHS = NO;
				CLANG_ANALYZER_NONNULL = YES;
				CLANG_ANALYZER_NUMBER_OBJECT_CONVERSION = YES_AGGRESSIVE;
				CLANG_CXX_LANGUAGE_STANDARD = "gnu++17";
				CLANG_CXX_LIBRARY = "libc++";
				CLANG_ENABLE_MODULES = YES;
				CLANG_ENABLE_OBJC_ARC = YES;
				CLANG_ENABLE_OBJC_WEAK = YES;
				CLANG_WARN_BLOCK_CAPTURE_AUTORELEASING = YES;
				CLANG_WARN_BOOL_CONVERSION = YES;
				CLANG_WARN_COMMA = YES;
				CLANG_WARN_CONSTANT_CONVERSION = YES;
				CLANG_WARN_DEPRECATED_OBJC_IMPLEMENTATIONS = YES;
				CLANG_WARN_DIRECT_OBJC_ISA_USAGE = YES_ERROR;
				CLANG_WARN_DOCUMENTATION_COMMENTS = YES;
				CLANG_WARN_EMPTY_BODY = YES;
				CLANG_WARN_ENUM_CONVERSION = YES;
				CLANG_WARN_INFINITE_RECURSION = YES;
				CLANG_WARN_INT_CONVERSION = YES;
				CLANG_WARN_NON_LITERAL_NULL_CONVERSION = YES;
				CLANG_WARN_OBJC_IMPLICIT_RETAIN_SELF = YES;
				CLANG_WARN_OBJC_LITERAL_CONVERSION = YES;
				CLANG_WARN_OBJC_ROOT_CLASS = YES_ERROR;
				CLANG_WARN_QUOTED_INCLUDE_IN_FRAMEWORK_HEADER = YES;
				CLANG_WARN_RANGE_LOOP_ANALYSIS = YES;
				CLANG_WARN_STRICT_PROTOTYPES = YES;
				CLANG_WARN_SUSPICIOUS_MOVE = YES;
				CLANG_WARN_UNGUARDED_AVAILABILITY = YES_AGGRESSIVE;
				CLANG_WARN_UNREACHABLE_CODE = YES;
				CLANG_WARN__DUPLICATE_METHOD_MATCH = YES;
				COPY_PHASE_STRIP = NO;
				DEBUG_INFORMATION_FORMAT = "dwarf-with-dsym";
				ENABLE_NS_ASSERTIONS = NO;
				ENABLE_STRICT_OBJC_MSGSEND = YES;
				GCC_C_LANGUAGE_STANDARD = gnu11;
				GCC_NO_COMMON_BLOCKS = YES;
				GCC_WARN_64_TO_32_BIT_CONVERSION = YES;
				GCC_WARN_ABOUT_RETURN_TYPE = YES_ERROR;
				GCC_WARN_UNDECLARED_SELECTOR = YES;
				GCC_WARN_UNINITIALIZED_AUTOS = YES_AGGRESSIVE;
				GCC_WARN_UNUSED_FUNCTION = YES;
				GCC_WARN_UNUSED_VARIABLE = YES;
				IPHONEOS_DEPLOYMENT_TARGET = 15.2;
				MTL_ENABLE_DEBUG_INFO = NO;
				MTL_FAST_MATH = YES;
				SDKROOT = iphoneos;
				SWIFT_COMPILATION_MODE = wholemodule;
				SWIFT_OPTIMIZATION_LEVEL = "-O";
				VALIDATE_PRODUCT = YES;
			};
			name = Release;
		};
		088EACE328511D9B007FD854 /* Debug */ = {
			isa = XCBuildConfiguration;
			baseConfigurationReference = D8AB007E0A9B8DB141DAA9EC /* Pods-Basis.debug.xcconfig */;
			buildSettings = {
				ASSETCATALOG_COMPILER_APPICON_NAME = AppIcon;
				ASSETCATALOG_COMPILER_GLOBAL_ACCENT_COLOR_NAME = AccentColor;
				CODE_SIGN_STYLE = Automatic;
				CURRENT_PROJECT_VERSION = 1;
				GENERATE_INFOPLIST_FILE = YES;
				INFOPLIST_FILE = Basis/Info.plist;
				INFOPLIST_KEY_UIApplicationSupportsIndirectInputEvents = YES;
				INFOPLIST_KEY_UILaunchStoryboardName = LaunchScreen;
				INFOPLIST_KEY_UIMainStoryboardFile = Main;
				INFOPLIST_KEY_UISupportedInterfaceOrientations = UIInterfaceOrientationPortrait;
				INFOPLIST_KEY_UISupportedInterfaceOrientations_iPad = "UIInterfaceOrientationPortrait UIInterfaceOrientationPortraitUpsideDown UIInterfaceOrientationLandscapeLeft UIInterfaceOrientationLandscapeRight";
				INFOPLIST_KEY_UISupportedInterfaceOrientations_iPhone = "UIInterfaceOrientationPortrait UIInterfaceOrientationLandscapeLeft UIInterfaceOrientationLandscapeRight";
				LD_RUNPATH_SEARCH_PATHS = (
					"$(inherited)",
					"@executable_path/Frameworks",
				);
				MARKETING_VERSION = 1.0;
				PRODUCT_BUNDLE_IDENTIFIER = com.Personal.Basis;
				PRODUCT_NAME = "$(TARGET_NAME)";
				SWIFT_EMIT_LOC_STRINGS = YES;
				SWIFT_VERSION = 5.0;
				TARGETED_DEVICE_FAMILY = "1,2";
			};
			name = Debug;
		};
		088EACE428511D9B007FD854 /* Release */ = {
			isa = XCBuildConfiguration;
			baseConfigurationReference = CC959E052CAEDFDAA66CB2EE /* Pods-Basis.release.xcconfig */;
			buildSettings = {
				ASSETCATALOG_COMPILER_APPICON_NAME = AppIcon;
				ASSETCATALOG_COMPILER_GLOBAL_ACCENT_COLOR_NAME = AccentColor;
				CODE_SIGN_STYLE = Automatic;
				CURRENT_PROJECT_VERSION = 1;
				GENERATE_INFOPLIST_FILE = YES;
				INFOPLIST_FILE = Basis/Info.plist;
				INFOPLIST_KEY_UIApplicationSupportsIndirectInputEvents = YES;
				INFOPLIST_KEY_UILaunchStoryboardName = LaunchScreen;
				INFOPLIST_KEY_UIMainStoryboardFile = Main;
				INFOPLIST_KEY_UISupportedInterfaceOrientations = UIInterfaceOrientationPortrait;
				INFOPLIST_KEY_UISupportedInterfaceOrientations_iPad = "UIInterfaceOrientationPortrait UIInterfaceOrientationPortraitUpsideDown UIInterfaceOrientationLandscapeLeft UIInterfaceOrientationLandscapeRight";
				INFOPLIST_KEY_UISupportedInterfaceOrientations_iPhone = "UIInterfaceOrientationPortrait UIInterfaceOrientationLandscapeLeft UIInterfaceOrientationLandscapeRight";
				LD_RUNPATH_SEARCH_PATHS = (
					"$(inherited)",
					"@executable_path/Frameworks",
				);
				MARKETING_VERSION = 1.0;
				PRODUCT_BUNDLE_IDENTIFIER = com.Personal.Basis;
				PRODUCT_NAME = "$(TARGET_NAME)";
				SWIFT_EMIT_LOC_STRINGS = YES;
				SWIFT_VERSION = 5.0;
				TARGETED_DEVICE_FAMILY = "1,2";
			};
			name = Release;
		};
/* End XCBuildConfiguration section */

/* Begin XCConfigurationList section */
		082C5D5128565B3800048D3D /* Build configuration list for PBXNativeTarget "BasisTests" */ = {
			isa = XCConfigurationList;
			buildConfigurations = (
				082C5D4F28565B3800048D3D /* Debug */,
				082C5D5028565B3800048D3D /* Release */,
			);
			defaultConfigurationIsVisible = 0;
			defaultConfigurationName = Release;
		};
		082C5D5E28565B4F00048D3D /* Build configuration list for PBXNativeTarget "BasisUITests" */ = {
			isa = XCConfigurationList;
			buildConfigurations = (
				082C5D5F28565B4F00048D3D /* Debug */,
				082C5D6028565B4F00048D3D /* Release */,
			);
			defaultConfigurationIsVisible = 0;
			defaultConfigurationName = Release;
		};
		088EACC928511D94007FD854 /* Build configuration list for PBXProject "Basis" */ = {
			isa = XCConfigurationList;
			buildConfigurations = (
				088EACE028511D9B007FD854 /* Debug */,
				088EACE128511D9B007FD854 /* Release */,
			);
			defaultConfigurationIsVisible = 0;
			defaultConfigurationName = Release;
		};
		088EACE228511D9B007FD854 /* Build configuration list for PBXNativeTarget "Basis" */ = {
			isa = XCConfigurationList;
			buildConfigurations = (
				088EACE328511D9B007FD854 /* Debug */,
				088EACE428511D9B007FD854 /* Release */,
			);
			defaultConfigurationIsVisible = 0;
			defaultConfigurationName = Release;
		};
/* End XCConfigurationList section */
	};
	rootObject = 088EACC628511D94007FD854 /* Project object */;
}
